github.com/FortAwesome/Font-Awesome v0.0.0-20241216213156-af620534bfc3 h1:/iluJkJiyTAdnqrw3Yi9rH2HNHhrrtCmj8VJe7I6o3w=
github.com/FortAwesome/Font-Awesome v0.0.0-20241216213156-af620534bfc3/go.mod h1:IUgezN/MFpCDIlFezw3L8j83oeiIuYoj28Miwr/KUYo=
github.com/hugo-eureka-esr/hugo-marble/search v0.1.0 h1:s/cY8KHHOSf1p0dSfKKcoknA/6FO5fq3Z7xeaREfDGs=
github.com/hugo-eureka-esr/hugo-marble/search v0.1.0/go.mod h1:RzTvjRWEWcZ3nsy8PXfBs24NG1V39+7CCzbtDfVaT7w=
github.com/hugo-eureka-esr/hugo-marble/utils v0.1.0 h1:ERW5E3+uAMkKpSBB7dixny6kXaO+Cq8Peg6L5uLRgIc=
github.com/hugo-eureka-esr/hugo-marble/utils v0.1.0/go.mod h1:9WcIwHYwqm/gwRGsj0mbWEXCTlX2cBJSPM67+474kKo=
github.com/krisk/Fuse v7.1.0+incompatible h1:WKrE7/HvvQQnysvOcOXk+KDlKoH+Z6S0KJcAtbglvXs=
github.com/krisk/Fuse v7.1.0+incompatible/go.mod h1:3moWv8rDjwoKic9nwiPLgZjldkbdTAbtzJHCu/Vsj4A=
